// !$*UTF8*$!
{
	archiveVersion = 1;
	classes = {
	};
	objectVersion = 55;
	objects = {

/* Begin PBXBuildFile section */
		387C657527E07F9B000B07E0 /* AppDelegate.swift in Sources */ = {isa = PBXBuildFile; fileRef = 387C657427E07F9B000B07E0 /* AppDelegate.swift */; };
		387C657727E07F9B000B07E0 /* SceneDelegate.swift in Sources */ = {isa = PBXBuildFile; fileRef = 387C657627E07F9B000B07E0 /* SceneDelegate.swift */; };
		387C657E27E07F9D000B07E0 /* Assets.xcassets in Resources */ = {isa = PBXBuildFile; fileRef = 387C657D27E07F9D000B07E0 /* Assets.xcassets */; };
		387C658127E07F9D000B07E0 /* LaunchScreen.storyboard in Resources */ = {isa = PBXBuildFile; fileRef = 387C657F27E07F9D000B07E0 /* LaunchScreen.storyboard */; };
		BA8A1C1127E32499009B363E /* SFProText.ttf in Resources */ = {isa = PBXBuildFile; fileRef = BA8A1C1027E32499009B363E /* SFProText.ttf */; };
		BA8A1C1327E32553009B363E /* SFProTextSemiBold.ttf in Resources */ = {isa = PBXBuildFile; fileRef = BA8A1C1227E32553009B363E /* SFProTextSemiBold.ttf */; };
		BA8A1C1627E32FC3009B363E /* Authorization.storyboard in Resources */ = {isa = PBXBuildFile; fileRef = BA8A1C1527E32FC3009B363E /* Authorization.storyboard */; };
		BA8A1C1827E32FE1009B363E /* AuthorizationViewController.swift in Sources */ = {isa = PBXBuildFile; fileRef = BA8A1C1727E32FE1009B363E /* AuthorizationViewController.swift */; };
		BA8A1C1A27E34D3E009B363E /* SFProTextMedium.ttf in Resources */ = {isa = PBXBuildFile; fileRef = BA8A1C1927E34D3E009B363E /* SFProTextMedium.ttf */; };
		BADA3E5C27E0CFB000F30AFB /* LoginViewController.swift in Sources */ = {isa = PBXBuildFile; fileRef = BADA3E5B27E0CFB000F30AFB /* LoginViewController.swift */; };
		BADA3E5E27E0CFC200F30AFB /* Login.storyboard in Resources */ = {isa = PBXBuildFile; fileRef = BADA3E5D27E0CFC200F30AFB /* Login.storyboard */; };
/* End PBXBuildFile section */

/* Begin PBXFileReference section */
		387C657127E07F9B000B07E0 /* InstagramClone.app */ = {isa = PBXFileReference; explicitFileType = wrapper.application; includeInIndex = 0; path = InstagramClone.app; sourceTree = BUILT_PRODUCTS_DIR; };
		387C657427E07F9B000B07E0 /* AppDelegate.swift */ = {isa = PBXFileReference; lastKnownFileType = sourcecode.swift; path = AppDelegate.swift; sourceTree = "<group>"; };
		387C657627E07F9B000B07E0 /* SceneDelegate.swift */ = {isa = PBXFileReference; lastKnownFileType = sourcecode.swift; path = SceneDelegate.swift; sourceTree = "<group>"; };
		387C657D27E07F9D000B07E0 /* Assets.xcassets */ = {isa = PBXFileReference; lastKnownFileType = folder.assetcatalog; path = Assets.xcassets; sourceTree = "<group>"; };
		387C658027E07F9D000B07E0 /* Base */ = {isa = PBXFileReference; lastKnownFileType = file.storyboard; name = Base; path = Base.lproj/LaunchScreen.storyboard; sourceTree = "<group>"; };
		387C658227E07F9D000B07E0 /* Info.plist */ = {isa = PBXFileReference; lastKnownFileType = text.plist.xml; path = Info.plist; sourceTree = "<group>"; };
		BA8A1C1027E32499009B363E /* SFProText.ttf */ = {isa = PBXFileReference; lastKnownFileType = file; path = SFProText.ttf; sourceTree = "<group>"; };
		BA8A1C1227E32553009B363E /* SFProTextSemiBold.ttf */ = {isa = PBXFileReference; lastKnownFileType = file; path = SFProTextSemiBold.ttf; sourceTree = "<group>"; };
		BA8A1C1527E32FC3009B363E /* Authorization.storyboard */ = {isa = PBXFileReference; lastKnownFileType = file.storyboard; path = Authorization.storyboard; sourceTree = "<group>"; };
		BA8A1C1727E32FE1009B363E /* AuthorizationViewController.swift */ = {isa = PBXFileReference; lastKnownFileType = sourcecode.swift; path = AuthorizationViewController.swift; sourceTree = "<group>"; };
		BA8A1C1927E34D3E009B363E /* SFProTextMedium.ttf */ = {isa = PBXFileReference; lastKnownFileType = file; path = SFProTextMedium.ttf; sourceTree = "<group>"; };
		BADA3E5B27E0CFB000F30AFB /* LoginViewController.swift */ = {isa = PBXFileReference; lastKnownFileType = sourcecode.swift; path = LoginViewController.swift; sourceTree = "<group>"; };
		BADA3E5D27E0CFC200F30AFB /* Login.storyboard */ = {isa = PBXFileReference; lastKnownFileType = file.storyboard; path = Login.storyboard; sourceTree = "<group>"; };
/* End PBXFileReference section */

/* Begin PBXFrameworksBuildPhase section */
		387C656E27E07F9B000B07E0 /* Frameworks */ = {
			isa = PBXFrameworksBuildPhase;
			buildActionMask = 2147483647;
			files = (
			);
			runOnlyForDeploymentPostprocessing = 0;
		};
/* End PBXFrameworksBuildPhase section */

/* Begin PBXGroup section */
		387C656827E07F9B000B07E0 = {
			isa = PBXGroup;
			children = (
				387C657327E07F9B000B07E0 /* InstagramClone */,
				387C657227E07F9B000B07E0 /* Products */,
			);
			sourceTree = "<group>";
		};
		387C657227E07F9B000B07E0 /* Products */ = {
			isa = PBXGroup;
			children = (
				387C657127E07F9B000B07E0 /* InstagramClone.app */,
			);
			name = Products;
			sourceTree = "<group>";
		};
		387C657327E07F9B000B07E0 /* InstagramClone */ = {
			isa = PBXGroup;
			children = (
				BADA3E5927E0CEF100F30AFB /* Resources */,
				BADA3E5827E0CE5800F30AFB /* Supports */,
				BADA3E5227E0872100F30AFB /* UI */,
				BADA3E5127E0871400F30AFB /* Models */,
				387C657F27E07F9D000B07E0 /* LaunchScreen.storyboard */,
			);
			path = InstagramClone;
			sourceTree = "<group>";
		};
		BA8A1C0F27E32479009B363E /* Fonts */ = {
			isa = PBXGroup;
			children = (
				BA8A1C1027E32499009B363E /* SFProText.ttf */,
				BA8A1C1927E34D3E009B363E /* SFProTextMedium.ttf */,
				BA8A1C1227E32553009B363E /* SFProTextSemiBold.ttf */,
			);
			path = Fonts;
			sourceTree = "<group>";
		};
		BA8A1C1427E32FA2009B363E /* Authorization */ = {
			isa = PBXGroup;
			children = (
				BA8A1C1527E32FC3009B363E /* Authorization.storyboard */,
				BA8A1C1727E32FE1009B363E /* AuthorizationViewController.swift */,
			);
			path = Authorization;
			sourceTree = "<group>";
		};
		BADA3E5127E0871400F30AFB /* Models */ = {
			isa = PBXGroup;
			children = (
			);
			path = Models;
			sourceTree = "<group>";
		};
		BADA3E5227E0872100F30AFB /* UI */ = {
			isa = PBXGroup;
			children = (
				BADA3E5A27E0CFA100F30AFB /* Login */,
				BA8A1C1427E32FA2009B363E /* Authorization */,
			);
			path = UI;
			sourceTree = "<group>";
		};
		BADA3E5827E0CE5800F30AFB /* Supports */ = {
			isa = PBXGroup;
			children = (
				387C657427E07F9B000B07E0 /* AppDelegate.swift */,
				387C657627E07F9B000B07E0 /* SceneDelegate.swift */,
				387C658227E07F9D000B07E0 /* Info.plist */,
			);
			path = Supports;
			sourceTree = "<group>";
		};
		BADA3E5927E0CEF100F30AFB /* Resources */ = {
			isa = PBXGroup;
			children = (
				BA8A1C0F27E32479009B363E /* Fonts */,
				387C657D27E07F9D000B07E0 /* Assets.xcassets */,
			);
			path = Resources;
			sourceTree = "<group>";
		};
		BADA3E5A27E0CFA100F30AFB /* Login */ = {
			isa = PBXGroup;
			children = (
				BADA3E5B27E0CFB000F30AFB /* LoginViewController.swift */,
				BADA3E5D27E0CFC200F30AFB /* Login.storyboard */,
			);
			path = Login;
			sourceTree = "<group>";
		};
/* End PBXGroup section */

/* Begin PBXNativeTarget section */
		387C657027E07F9B000B07E0 /* InstagramClone */ = {
			isa = PBXNativeTarget;
			buildConfigurationList = 387C658527E07F9D000B07E0 /* Build configuration list for PBXNativeTarget "InstagramClone" */;
			buildPhases = (
				387C656D27E07F9B000B07E0 /* Sources */,
				387C656E27E07F9B000B07E0 /* Frameworks */,
				387C656F27E07F9B000B07E0 /* Resources */,
			);
			buildRules = (
			);
			dependencies = (
			);
			name = InstagramClone;
			productName = InstagramClone;
			productReference = 387C657127E07F9B000B07E0 /* InstagramClone.app */;
			productType = "com.apple.product-type.application";
		};
/* End PBXNativeTarget section */

/* Begin PBXProject section */
		387C656927E07F9B000B07E0 /* Project object */ = {
			isa = PBXProject;
			attributes = {
				BuildIndependentTargetsInParallel = 1;
				LastSwiftUpdateCheck = 1320;
				LastUpgradeCheck = 1320;
				TargetAttributes = {
					387C657027E07F9B000B07E0 = {
						CreatedOnToolsVersion = 13.2.1;
					};
				};
			};
			buildConfigurationList = 387C656C27E07F9B000B07E0 /* Build configuration list for PBXProject "InstagramClone" */;
			compatibilityVersion = "Xcode 13.0";
			developmentRegion = en;
			hasScannedForEncodings = 0;
			knownRegions = (
				en,
				Base,
			);
			mainGroup = 387C656827E07F9B000B07E0;
			productRefGroup = 387C657227E07F9B000B07E0 /* Products */;
			projectDirPath = "";
			projectRoot = "";
			targets = (
				387C657027E07F9B000B07E0 /* InstagramClone */,
			);
		};
/* End PBXProject section */

/* Begin PBXResourcesBuildPhase section */
		387C656F27E07F9B000B07E0 /* Resources */ = {
			isa = PBXResourcesBuildPhase;
			buildActionMask = 2147483647;
			files = (
				BA8A1C1627E32FC3009B363E /* Authorization.storyboard in Resources */,
				BA8A1C1127E32499009B363E /* SFProText.ttf in Resources */,
				BADA3E5E27E0CFC200F30AFB /* Login.storyboard in Resources */,
				BA8A1C1A27E34D3E009B363E /* SFProTextMedium.ttf in Resources */,
				387C658127E07F9D000B07E0 /* LaunchScreen.storyboard in Resources */,
				BA8A1C1327E32553009B363E /* SFProTextSemiBold.ttf in Resources */,
				387C657E27E07F9D000B07E0 /* Assets.xcassets in Resources */,
			);
			runOnlyForDeploymentPostprocessing = 0;
		};
/* End PBXResourcesBuildPhase section */

/* Begin PBXSourcesBuildPhase section */
		387C656D27E07F9B000B07E0 /* Sources */ = {
			isa = PBXSourcesBuildPhase;
			buildActionMask = 2147483647;
			files = (
				BA8A1C1827E32FE1009B363E /* AuthorizationViewController.swift in Sources */,
				BADA3E5C27E0CFB000F30AFB /* LoginViewController.swift in Sources */,
				387C657527E07F9B000B07E0 /* AppDelegate.swift in Sources */,
				387C657727E07F9B000B07E0 /* SceneDelegate.swift in Sources */,
			);
			runOnlyForDeploymentPostprocessing = 0;
		};
/* End PBXSourcesBuildPhase section */

/* Begin PBXVariantGroup section */
		387C657F27E07F9D000B07E0 /* LaunchScreen.storyboard */ = {
			isa = PBXVariantGroup;
			children = (
				387C658027E07F9D000B07E0 /* Base */,
			);
			name = LaunchScreen.storyboard;
			sourceTree = "<group>";
		};
/* End PBXVariantGroup section */

/* Begin XCBuildConfiguration section */
		387C658327E07F9D000B07E0 /* Debug */ = {
			isa = XCBuildConfiguration;
			buildSettings = {
				ALWAYS_SEARCH_USER_PATHS = NO;
				CLANG_ANALYZER_NONNULL = YES;
				CLANG_ANALYZER_NUMBER_OBJECT_CONVERSION = YES_AGGRESSIVE;
				CLANG_CXX_LANGUAGE_STANDARD = "gnu++17";
				CLANG_CXX_LIBRARY = "libc++";
				CLANG_ENABLE_MODULES = YES;
				CLANG_ENABLE_OBJC_ARC = YES;
				CLANG_ENABLE_OBJC_WEAK = YES;
				CLANG_WARN_BLOCK_CAPTURE_AUTORELEASING = YES;
				CLANG_WARN_BOOL_CONVERSION = YES;
				CLANG_WARN_COMMA = YES;
				CLANG_WARN_CONSTANT_CONVERSION = YES;
				CLANG_WARN_DEPRECATED_OBJC_IMPLEMENTATIONS = YES;
				CLANG_WARN_DIRECT_OBJC_ISA_USAGE = YES_ERROR;
				CLANG_WARN_DOCUMENTATION_COMMENTS = YES;
				CLANG_WARN_EMPTY_BODY = YES;
				CLANG_WARN_ENUM_CONVERSION = YES;
				CLANG_WARN_INFINITE_RECURSION = YES;
				CLANG_WARN_INT_CONVERSION = YES;
				CLANG_WARN_NON_LITERAL_NULL_CONVERSION = YES;
				CLANG_WARN_OBJC_IMPLICIT_RETAIN_SELF = YES;
				CLANG_WARN_OBJC_LITERAL_CONVERSION = YES;
				CLANG_WARN_OBJC_ROOT_CLASS = YES_ERROR;
				CLANG_WARN_QUOTED_INCLUDE_IN_FRAMEWORK_HEADER = YES;
				CLANG_WARN_RANGE_LOOP_ANALYSIS = YES;
				CLANG_WARN_STRICT_PROTOTYPES = YES;
				CLANG_WARN_SUSPICIOUS_MOVE = YES;
				CLANG_WARN_UNGUARDED_AVAILABILITY = YES_AGGRESSIVE;
				CLANG_WARN_UNREACHABLE_CODE = YES;
				CLANG_WARN__DUPLICATE_METHOD_MATCH = YES;
				COPY_PHASE_STRIP = NO;
				DEBUG_INFORMATION_FORMAT = dwarf;
				ENABLE_STRICT_OBJC_MSGSEND = YES;
				ENABLE_TESTABILITY = YES;
				GCC_C_LANGUAGE_STANDARD = gnu11;
				GCC_DYNAMIC_NO_PIC = NO;
				GCC_NO_COMMON_BLOCKS = YES;
				GCC_OPTIMIZATION_LEVEL = 0;
				GCC_PREPROCESSOR_DEFINITIONS = (
					"DEBUG=1",
					"$(inherited)",
				);
				GCC_WARN_64_TO_32_BIT_CONVERSION = YES;
				GCC_WARN_ABOUT_RETURN_TYPE = YES_ERROR;
				GCC_WARN_UNDECLARED_SELECTOR = YES;
				GCC_WARN_UNINITIALIZED_AUTOS = YES_AGGRESSIVE;
				GCC_WARN_UNUSED_FUNCTION = YES;
				GCC_WARN_UNUSED_VARIABLE = YES;
				IPHONEOS_DEPLOYMENT_TARGET = 15.2;
				MTL_ENABLE_DEBUG_INFO = INCLUDE_SOURCE;
				MTL_FAST_MATH = YES;
				ONLY_ACTIVE_ARCH = YES;
				SDKROOT = iphoneos;
				SWIFT_ACTIVE_COMPILATION_CONDITIONS = DEBUG;
				SWIFT_OPTIMIZATION_LEVEL = "-Onone";
			};
			name = Debug;
		};
		387C658427E07F9D000B07E0 /* Release */ = {
			isa = XCBuildConfiguration;
			buildSettings = {
				ALWAYS_SEARCH_USER_PATHS = NO;
				CLANG_ANALYZER_NONNULL = YES;
				CLANG_ANALYZER_NUMBER_OBJECT_CONVERSION = YES_AGGRESSIVE;
				CLANG_CXX_LANGUAGE_STANDARD = "gnu++17";
				CLANG_CXX_LIBRARY = "libc++";
				CLANG_ENABLE_MODULES = YES;
				CLANG_ENABLE_OBJC_ARC = YES;
				CLANG_ENABLE_OBJC_WEAK = YES;
				CLANG_WARN_BLOCK_CAPTURE_AUTORELEASING = YES;
				CLANG_WARN_BOOL_CONVERSION = YES;
				CLANG_WARN_COMMA = YES;
				CLANG_WARN_CONSTANT_CONVERSION = YES;
				CLANG_WARN_DEPRECATED_OBJC_IMPLEMENTATIONS = YES;
				CLANG_WARN_DIRECT_OBJC_ISA_USAGE = YES_ERROR;
				CLANG_WARN_DOCUMENTATION_COMMENTS = YES;
				CLANG_WARN_EMPTY_BODY = YES;
				CLANG_WARN_ENUM_CONVERSION = YES;
				CLANG_WARN_INFINITE_RECURSION = YES;
				CLANG_WARN_INT_CONVERSION = YES;
				CLANG_WARN_NON_LITERAL_NULL_CONVERSION = YES;
				CLANG_WARN_OBJC_IMPLICIT_RETAIN_SELF = YES;
				CLANG_WARN_OBJC_LITERAL_CONVERSION = YES;
				CLANG_WARN_OBJC_ROOT_CLASS = YES_ERROR;
				CLANG_WARN_QUOTED_INCLUDE_IN_FRAMEWORK_HEADER = YES;
				CLANG_WARN_RANGE_LOOP_ANALYSIS = YES;
				CLANG_WARN_STRICT_PROTOTYPES = YES;
				CLANG_WARN_SUSPICIOUS_MOVE = YES;
				CLANG_WARN_UNGUARDED_AVAILABILITY = YES_AGGRESSIVE;
				CLANG_WARN_UNREACHABLE_CODE = YES;
				CLANG_WARN__DUPLICATE_METHOD_MATCH = YES;
				COPY_PHASE_STRIP = NO;
				DEBUG_INFORMATION_FORMAT = "dwarf-with-dsym";
				ENABLE_NS_ASSERTIONS = NO;
				ENABLE_STRICT_OBJC_MSGSEND = YES;
				GCC_C_LANGUAGE_STANDARD = gnu11;
				GCC_NO_COMMON_BLOCKS = YES;
				GCC_WARN_64_TO_32_BIT_CONVERSION = YES;
				GCC_WARN_ABOUT_RETURN_TYPE = YES_ERROR;
				GCC_WARN_UNDECLARED_SELECTOR = YES;
				GCC_WARN_UNINITIALIZED_AUTOS = YES_AGGRESSIVE;
				GCC_WARN_UNUSED_FUNCTION = YES;
				GCC_WARN_UNUSED_VARIABLE = YES;
				IPHONEOS_DEPLOYMENT_TARGET = 15.2;
				MTL_ENABLE_DEBUG_INFO = NO;
				MTL_FAST_MATH = YES;
				SDKROOT = iphoneos;
				SWIFT_COMPILATION_MODE = wholemodule;
				SWIFT_OPTIMIZATION_LEVEL = "-O";
				VALIDATE_PRODUCT = YES;
			};
			name = Release;
		};
		387C658627E07F9D000B07E0 /* Debug */ = {
			isa = XCBuildConfiguration;
			buildSettings = {
				ASSETCATALOG_COMPILER_APPICON_NAME = AppIcon;
				ASSETCATALOG_COMPILER_GLOBAL_ACCENT_COLOR_NAME = AccentColor;
				CODE_SIGN_STYLE = Automatic;
				CURRENT_PROJECT_VERSION = 1;
				DEVELOPMENT_TEAM = 3A8H2GTC36;
				GENERATE_INFOPLIST_FILE = YES;
				INFOPLIST_FILE = InstagramClone/Supports/Info.plist;
				INFOPLIST_KEY_UIApplicationSupportsIndirectInputEvents = YES;
				INFOPLIST_KEY_UILaunchStoryboardName = LaunchScreen;
				INFOPLIST_KEY_UIMainStoryboardFile = Login;
				INFOPLIST_KEY_UISupportedInterfaceOrientations_iPad = "UIInterfaceOrientationPortrait UIInterfaceOrientationPortraitUpsideDown UIInterfaceOrientationLandscapeLeft UIInterfaceOrientationLandscapeRight";
				INFOPLIST_KEY_UISupportedInterfaceOrientations_iPhone = "UIInterfaceOrientationPortrait UIInterfaceOrientationLandscapeLeft UIInterfaceOrientationLandscapeRight";
				IPHONEOS_DEPLOYMENT_TARGET = 13.1;
				LD_RUNPATH_SEARCH_PATHS = (
					"$(inherited)",
					"@executable_path/Frameworks",
				);
				MARKETING_VERSION = 1.0;
				PRODUCT_BUNDLE_IDENTIFIER = com.muhammetulas.InstagramClone;
				PRODUCT_NAME = "$(TARGET_NAME)";
				SWIFT_EMIT_LOC_STRINGS = YES;
				SWIFT_VERSION = 5.0;
				TARGETED_DEVICE_FAMILY = "1,2";
			};
			name = Debug;
		};
		387C658727E07F9D000B07E0 /* Release */ = {
			isa = XCBuildConfiguration;
			buildSettings = {
				ASSETCATALOG_COMPILER_APPICON_NAME = AppIcon;
				ASSETCATALOG_COMPILER_GLOBAL_ACCENT_COLOR_NAME = AccentColor;
				CODE_SIGN_STYLE = Automatic;
				CURRENT_PROJECT_VERSION = 1;
				DEVELOPMENT_TEAM = 3A8H2GTC36;
				GENERATE_INFOPLIST_FILE = YES;
				INFOPLIST_FILE = InstagramClone/Supports/Info.plist;
				INFOPLIST_KEY_UIApplicationSupportsIndirectInputEvents = YES;
				INFOPLIST_KEY_UILaunchStoryboardName = LaunchScreen;
				INFOPLIST_KEY_UIMainStoryboardFile = Login;
				INFOPLIST_KEY_UISupportedInterfaceOrientations_iPad = "UIInterfaceOrientationPortrait UIInterfaceOrientationPortraitUpsideDown UIInterfaceOrientationLandscapeLeft UIInterfaceOrientationLandscapeRight";
				INFOPLIST_KEY_UISupportedInterfaceOrientations_iPhone = "UIInterfaceOrientationPortrait UIInterfaceOrientationLandscapeLeft UIInterfaceOrientationLandscapeRight";
				IPHONEOS_DEPLOYMENT_TARGET = 13.1;
				LD_RUNPATH_SEARCH_PATHS = (
					"$(inherited)",
					"@executable_path/Frameworks",
				);
				MARKETING_VERSION = 1.0;
				PRODUCT_BUNDLE_IDENTIFIER = com.muhammetulas.InstagramClone;
				PRODUCT_NAME = "$(TARGET_NAME)";
				SWIFT_EMIT_LOC_STRINGS = YES;
				SWIFT_VERSION = 5.0;
				TARGETED_DEVICE_FAMILY = "1,2";
			};
			name = Release;
		};
/* End XCBuildConfiguration section */

/* Begin XCConfigurationList section */
		387C656C27E07F9B000B07E0 /* Build configuration list for PBXProject "InstagramClone" */ = {
			isa = XCConfigurationList;
			buildConfigurations = (
				387C658327E07F9D000B07E0 /* Debug */,
				387C658427E07F9D000B07E0 /* Release */,
			);
			defaultConfigurationIsVisible = 0;
			defaultConfigurationName = Release;
		};
		387C658527E07F9D000B07E0 /* Build configuration list for PBXNativeTarget "InstagramClone" */ = {
			isa = XCConfigurationList;
			buildConfigurations = (
				387C658627E07F9D000B07E0 /* Debug */,
				387C658727E07F9D000B07E0 /* Release */,
			);
			defaultConfigurationIsVisible = 0;
			defaultConfigurationName = Release;
		};
/* End XCConfigurationList section */
	};
	rootObject = 387C656927E07F9B000B07E0 /* Project object */;
}
